// !$*UTF8*$!
{
	archiveVersion = 1;
	classes = {
	};
	objectVersion = 46;
	objects = {

/* Begin PBXBuildFile section */
		4F7481EA13C9E1A800F9526F /* UIKit.framework in Frameworks */ = {isa = PBXBuildFile; fileRef = 4F7481E913C9E1A800F9526F /* UIKit.framework */; };
		4F7481EC13C9E1A800F9526F /* Foundation.framework in Frameworks */ = {isa = PBXBuildFile; fileRef = 4F7481EB13C9E1A800F9526F /* Foundation.framework */; };
		4F7481EE13C9E1A800F9526F /* CoreGraphics.framework in Frameworks */ = {isa = PBXBuildFile; fileRef = 4F7481ED13C9E1A800F9526F /* CoreGraphics.framework */; };
		4F7481F413C9E1A800F9526F /* InfoPlist.strings in Resources */ = {isa = PBXBuildFile; fileRef = 4F7481F213C9E1A800F9526F /* InfoPlist.strings */; };
		4F7481F713C9E1A800F9526F /* main.m in Sources */ = {isa = PBXBuildFile; fileRef = 4F7481F613C9E1A800F9526F /* main.m */; };
		4F7481FA13C9E1A800F9526F /* Hearing_TestAppDelegate.m in Sources */ = {isa = PBXBuildFile; fileRef = 4F7481F913C9E1A800F9526F /* Hearing_TestAppDelegate.m */; };
		4F7481FD13C9E1A800F9526F /* MainWindow.xib in Resources */ = {isa = PBXBuildFile; fileRef = 4F7481FB13C9E1A800F9526F /* MainWindow.xib */; };
		4F74820013C9E1A800F9526F /* Hearing_TestViewController.m in Sources */ = {isa = PBXBuildFile; fileRef = 4F7481FF13C9E1A800F9526F /* Hearing_TestViewController.m */; };
		4F74820313C9E1A800F9526F /* Hearing_TestViewController.xib in Resources */ = {isa = PBXBuildFile; fileRef = 4F74820113C9E1A800F9526F /* Hearing_TestViewController.xib */; };
/* End PBXBuildFile section */

/* Begin PBXFileReference section */
		4F7481E513C9E1A800F9526F /* Hearing Test.app */ = {isa = PBXFileReference; explicitFileType = wrapper.application; includeInIndex = 0; path = "Hearing Test.app"; sourceTree = BUILT_PRODUCTS_DIR; };
		4F7481E913C9E1A800F9526F /* UIKit.framework */ = {isa = PBXFileReference; lastKnownFileType = wrapper.framework; name = UIKit.framework; path = System/Library/Frameworks/UIKit.framework; sourceTree = SDKROOT; };
		4F7481EB13C9E1A800F9526F /* Foundation.framework */ = {isa = PBXFileReference; lastKnownFileType = wrapper.framework; name = Foundation.framework; path = System/Library/Frameworks/Foundation.framework; sourceTree = SDKROOT; };
		4F7481ED13C9E1A800F9526F /* CoreGraphics.framework */ = {isa = PBXFileReference; lastKnownFileType = wrapper.framework; name = CoreGraphics.framework; path = System/Library/Frameworks/CoreGraphics.framework; sourceTree = SDKROOT; };
		4F7481F113C9E1A800F9526F /* Hearing Test-Info.plist */ = {isa = PBXFileReference; lastKnownFileType = text.plist.xml; path = "Hearing Test-Info.plist"; sourceTree = "<group>"; };
		4F7481F313C9E1A800F9526F /* en */ = {isa = PBXFileReference; lastKnownFileType = text.plist.strings; name = en; path = en.lproj/InfoPlist.strings; sourceTree = "<group>"; };
		4F7481F513C9E1A800F9526F /* Hearing Test-Prefix.pch */ = {isa = PBXFileReference; lastKnownFileType = sourcecode.c.h; path = "Hearing Test-Prefix.pch"; sourceTree = "<group>"; };
		4F7481F613C9E1A800F9526F /* main.m */ = {isa = PBXFileReference; lastKnownFileType = sourcecode.c.objc; path = main.m; sourceTree = "<group>"; };
		4F7481F813C9E1A800F9526F /* Hearing_TestAppDelegate.h */ = {isa = PBXFileReference; lastKnownFileType = sourcecode.c.h; path = Hearing_TestAppDelegate.h; sourceTree = "<group>"; };
		4F7481F913C9E1A800F9526F /* Hearing_TestAppDelegate.m */ = {isa = PBXFileReference; lastKnownFileType = sourcecode.c.objc; path = Hearing_TestAppDelegate.m; sourceTree = "<group>"; };
		4F7481FC13C9E1A800F9526F /* en */ = {isa = PBXFileReference; lastKnownFileType = file.xib; name = en; path = en.lproj/MainWindow.xib; sourceTree = "<group>"; };
		4F7481FE13C9E1A800F9526F /* Hearing_TestViewController.h */ = {isa = PBXFileReference; lastKnownFileType = sourcecode.c.h; path = Hearing_TestViewController.h; sourceTree = "<group>"; };
		4F7481FF13C9E1A800F9526F /* Hearing_TestViewController.m */ = {isa = PBXFileReference; lastKnownFileType = sourcecode.c.objc; path = Hearing_TestViewController.m; sourceTree = "<group>"; };
		4F74820213C9E1A800F9526F /* en */ = {isa = PBXFileReference; lastKnownFileType = file.xib; name = en; path = en.lproj/Hearing_TestViewController.xib; sourceTree = "<group>"; };
/* End PBXFileReference section */

/* Begin PBXFrameworksBuildPhase section */
		4F7481E213C9E1A800F9526F /* Frameworks */ = {
			isa = PBXFrameworksBuildPhase;
			buildActionMask = 2147483647;
			files = (
				4F7481EA13C9E1A800F9526F /* UIKit.framework in Frameworks */,
				4F7481EC13C9E1A800F9526F /* Foundation.framework in Frameworks */,
				4F7481EE13C9E1A800F9526F /* CoreGraphics.framework in Frameworks */,
			);
			runOnlyForDeploymentPostprocessing = 0;
		};
/* End PBXFrameworksBuildPhase section */

/* Begin PBXGroup section */
		4F7481DA13C9E1A800F9526F = {
			isa = PBXGroup;
			children = (
				4F7481EF13C9E1A800F9526F /* Hearing Test */,
				4F7481E813C9E1A800F9526F /* Frameworks */,
				4F7481E613C9E1A800F9526F /* Products */,
			);
			sourceTree = "<group>";
		};
		4F7481E613C9E1A800F9526F /* Products */ = {
			isa = PBXGroup;
			children = (
				4F7481E513C9E1A800F9526F /* Hearing Test.app */,
			);
			name = Products;
			sourceTree = "<group>";
		};
		4F7481E813C9E1A800F9526F /* Frameworks */ = {
			isa = PBXGroup;
			children = (
				4F7481E913C9E1A800F9526F /* UIKit.framework */,
				4F7481EB13C9E1A800F9526F /* Foundation.framework */,
				4F7481ED13C9E1A800F9526F /* CoreGraphics.framework */,
			);
			name = Frameworks;
			sourceTree = "<group>";
		};
		4F7481EF13C9E1A800F9526F /* Hearing Test */ = {
			isa = PBXGroup;
			children = (
				4F7481F813C9E1A800F9526F /* Hearing_TestAppDelegate.h */,
				4F7481F913C9E1A800F9526F /* Hearing_TestAppDelegate.m */,
				4F7481FB13C9E1A800F9526F /* MainWindow.xib */,
				4F7481FE13C9E1A800F9526F /* Hearing_TestViewController.h */,
				4F7481FF13C9E1A800F9526F /* Hearing_TestViewController.m */,
				4F74820113C9E1A800F9526F /* Hearing_TestViewController.xib */,
				4F7481F013C9E1A800F9526F /* Supporting Files */,
			);
			path = "Hearing Test";
			sourceTree = "<group>";
		};
		4F7481F013C9E1A800F9526F /* Supporting Files */ = {
			isa = PBXGroup;
			children = (
				4F7481F113C9E1A800F9526F /* Hearing Test-Info.plist */,
				4F7481F213C9E1A800F9526F /* InfoPlist.strings */,
				4F7481F513C9E1A800F9526F /* Hearing Test-Prefix.pch */,
				4F7481F613C9E1A800F9526F /* main.m */,
			);
			name = "Supporting Files";
			sourceTree = "<group>";
		};
/* End PBXGroup section */

/* Begin PBXNativeTarget section */
		4F7481E413C9E1A800F9526F /* Hearing Test */ = {
			isa = PBXNativeTarget;
			buildConfigurationList = 4F74820613C9E1A800F9526F /* Build configuration list for PBXNativeTarget "Hearing Test" */;
			buildPhases = (
				4F7481E113C9E1A800F9526F /* Sources */,
				4F7481E213C9E1A800F9526F /* Frameworks */,
				4F7481E313C9E1A800F9526F /* Resources */,
			);
			buildRules = (
			);
			dependencies = (
			);
			name = "Hearing Test";
			productName = "Hearing Test";
			productReference = 4F7481E513C9E1A800F9526F /* Hearing Test.app */;
			productType = "com.apple.product-type.application";
		};
/* End PBXNativeTarget section */

/* Begin PBXProject section */
		4F7481DC13C9E1A800F9526F /* Project object */ = {
			isa = PBXProject;
			attributes = {
				ORGANIZATIONNAME = "Qi Analytics LLC";
			};
			buildConfigurationList = 4F7481DF13C9E1A800F9526F /* Build configuration list for PBXProject "Hearing Test" */;
			compatibilityVersion = "Xcode 3.2";
			developmentRegion = English;
			hasScannedForEncodings = 0;
			knownRegions = (
				en,
			);
			mainGroup = 4F7481DA13C9E1A800F9526F;
			productRefGroup = 4F7481E613C9E1A800F9526F /* Products */;
			projectDirPath = "";
			projectRoot = "";
			targets = (
				4F7481E413C9E1A800F9526F /* Hearing Test */,
			);
		};
/* End PBXProject section */

/* Begin PBXResourcesBuildPhase section */
		4F7481E313C9E1A800F9526F /* Resources */ = {
			isa = PBXResourcesBuildPhase;
			buildActionMask = 2147483647;
			files = (
				4F7481F413C9E1A800F9526F /* InfoPlist.strings in Resources */,
				4F7481FD13C9E1A800F9526F /* MainWindow.xib in Resources */,
				4F74820313C9E1A800F9526F /* Hearing_TestViewController.xib in Resources */,
			);
			runOnlyForDeploymentPostprocessing = 0;
		};
/* End PBXResourcesBuildPhase section */

/* Begin PBXSourcesBuildPhase section */
		4F7481E113C9E1A800F9526F /* Sources */ = {
			isa = PBXSourcesBuildPhase;
			buildActionMask = 2147483647;
			files = (
				4F7481F713C9E1A800F9526F /* main.m in Sources */,
				4F7481FA13C9E1A800F9526F /* Hearing_TestAppDelegate.m in Sources */,
				4F74820013C9E1A800F9526F /* Hearing_TestViewController.m in Sources */,
			);
			runOnlyForDeploymentPostprocessing = 0;
		};
/* End PBXSourcesBuildPhase section */

/* Begin PBXVariantGroup section */
		4F7481F213C9E1A800F9526F /* InfoPlist.strings */ = {
			isa = PBXVariantGroup;
			children = (
				4F7481F313C9E1A800F9526F /* en */,
			);
			name = InfoPlist.strings;
			sourceTree = "<group>";
		};
		4F7481FB13C9E1A800F9526F /* MainWindow.xib */ = {
			isa = PBXVariantGroup;
			children = (
				4F7481FC13C9E1A800F9526F /* en */,
			);
			name = MainWindow.xib;
			sourceTree = "<group>";
		};
		4F74820113C9E1A800F9526F /* Hearing_TestViewController.xib */ = {
			isa = PBXVariantGroup;
			children = (
				4F74820213C9E1A800F9526F /* en */,
			);
			name = Hearing_TestViewController.xib;
			sourceTree = "<group>";
		};
/* End PBXVariantGroup section */

/* Begin XCBuildConfiguration section */
		4F74820413C9E1A800F9526F /* Debug */ = {
			isa = XCBuildConfiguration;
			buildSettings = {
				ARCHS = "$(ARCHS_STANDARD_32_BIT)";
				"CODE_SIGN_IDENTITY[sdk=iphoneos*]" = "iPhone Developer";
				GCC_C_LANGUAGE_STANDARD = gnu99;
				GCC_OPTIMIZATION_LEVEL = 0;
				GCC_PREPROCESSOR_DEFINITIONS = DEBUG;
				GCC_SYMBOLS_PRIVATE_EXTERN = NO;
				GCC_VERSION = com.apple.compilers.llvmgcc42;
				GCC_WARN_ABOUT_RETURN_TYPE = YES;
				GCC_WARN_UNUSED_VARIABLE = YES;
				IPHONEOS_DEPLOYMENT_TARGET = 4.3;
				SDKROOT = iphoneos;
			};
			name = Debug;
		};
		4F74820513C9E1A800F9526F /* Release */ = {
			isa = XCBuildConfiguration;
			buildSettings = {
				ARCHS = "$(ARCHS_STANDARD_32_BIT)";
				"CODE_SIGN_IDENTITY[sdk=iphoneos*]" = "iPhone Developer";
				GCC_C_LANGUAGE_STANDARD = gnu99;
				GCC_VERSION = com.apple.compilers.llvmgcc42;
				GCC_WARN_ABOUT_RETURN_TYPE = YES;
				GCC_WARN_UNUSED_VARIABLE = YES;
				IPHONEOS_DEPLOYMENT_TARGET = 4.3;
				OTHER_CFLAGS = "-DNS_BLOCK_ASSERTIONS=1";
				SDKROOT = iphoneos;
			};
			name = Release;
		};
		4F74820713C9E1A800F9526F /* Debug */ = {
			isa = XCBuildConfiguration;
			buildSettings = {
				ALWAYS_SEARCH_USER_PATHS = NO;
				COPY_PHASE_STRIP = NO;
				GCC_DYNAMIC_NO_PIC = NO;
				GCC_PRECOMPILE_PREFIX_HEADER = YES;
				GCC_PREFIX_HEADER = "Hearing Test/Hearing Test-Prefix.pch";
				INFOPLIST_FILE = "Hearing Test/Hearing Test-Info.plist";
				PRODUCT_NAME = "$(TARGET_NAME)";
				WRAPPER_EXTENSION = app;
			};
			name = Debug;
		};
		4F74820813C9E1A800F9526F /* Release */ = {
			isa = XCBuildConfiguration;
			buildSettings = {
				ALWAYS_SEARCH_USER_PATHS = NO;
				COPY_PHASE_STRIP = YES;
				GCC_PRECOMPILE_PREFIX_HEADER = YES;
				GCC_PREFIX_HEADER = "Hearing Test/Hearing Test-Prefix.pch";
				INFOPLIST_FILE = "Hearing Test/Hearing Test-Info.plist";
				PRODUCT_NAME = "$(TARGET_NAME)";
				VALIDATE_PRODUCT = YES;
				WRAPPER_EXTENSION = app;
			};
			name = Release;
		};
/* End XCBuildConfiguration section */

/* Begin XCConfigurationList section */
		4F7481DF13C9E1A800F9526F /* Build configuration list for PBXProject "Hearing Test" */ = {
			isa = XCConfigurationList;
			buildConfigurations = (
				4F74820413C9E1A800F9526F /* Debug */,
				4F74820513C9E1A800F9526F /* Release */,
			);
			defaultConfigurationIsVisible = 0;
			defaultConfigurationName = Release;
		};
		4F74820613C9E1A800F9526F /* Build configuration list for PBXNativeTarget "Hearing Test" */ = {
			isa = XCConfigurationList;
			buildConfigurations = (
				4F74820713C9E1A800F9526F /* Debug */,
				4F74820813C9E1A800F9526F /* Release */,
			);
			defaultConfigurationIsVisible = 0;
		};
/* End XCConfigurationList section */
	};
	rootObject = 4F7481DC13C9E1A800F9526F /* Project object */;
}
