// !$*UTF8*$!
{
	archiveVersion = 1;
	classes = {
	};
	objectVersion = 46;
	objects = {

/* Begin PBXBuildFile section */
		4F0866EF13D32EA50080EF57 /* UIKit.framework in Frameworks */ = {isa = PBXBuildFile; fileRef = 4F0866EE13D32EA50080EF57 /* UIKit.framework */; };
		4F0866F113D32EA50080EF57 /* Foundation.framework in Frameworks */ = {isa = PBXBuildFile; fileRef = 4F0866F013D32EA50080EF57 /* Foundation.framework */; };
		4F0866F313D32EA50080EF57 /* CoreGraphics.framework in Frameworks */ = {isa = PBXBuildFile; fileRef = 4F0866F213D32EA50080EF57 /* CoreGraphics.framework */; };
		4F0866F913D32EA50080EF57 /* InfoPlist.strings in Resources */ = {isa = PBXBuildFile; fileRef = 4F0866F713D32EA50080EF57 /* InfoPlist.strings */; };
		4F0866FC13D32EA50080EF57 /* main.m in Sources */ = {isa = PBXBuildFile; fileRef = 4F0866FB13D32EA50080EF57 /* main.m */; };
		4F0866FF13D32EA50080EF57 /* HearingTestAppDelegate.m in Sources */ = {isa = PBXBuildFile; fileRef = 4F0866FE13D32EA50080EF57 /* HearingTestAppDelegate.m */; };
		4F08670213D32EA50080EF57 /* MainWindow.xib in Resources */ = {isa = PBXBuildFile; fileRef = 4F08670013D32EA50080EF57 /* MainWindow.xib */; };
		4F08670513D32EA50080EF57 /* HearingTestViewController.m in Sources */ = {isa = PBXBuildFile; fileRef = 4F08670413D32EA50080EF57 /* HearingTestViewController.m */; };
		4F08670813D32EA50080EF57 /* HearingTestViewController.xib in Resources */ = {isa = PBXBuildFile; fileRef = 4F08670613D32EA50080EF57 /* HearingTestViewController.xib */; };
		4F08670F13D32EA50080EF57 /* UIKit.framework in Frameworks */ = {isa = PBXBuildFile; fileRef = 4F0866EE13D32EA50080EF57 /* UIKit.framework */; };
		4F08671013D32EA50080EF57 /* Foundation.framework in Frameworks */ = {isa = PBXBuildFile; fileRef = 4F0866F013D32EA50080EF57 /* Foundation.framework */; };
		4F08671113D32EA50080EF57 /* CoreGraphics.framework in Frameworks */ = {isa = PBXBuildFile; fileRef = 4F0866F213D32EA50080EF57 /* CoreGraphics.framework */; };
		4F08671913D32EA50080EF57 /* InfoPlist.strings in Resources */ = {isa = PBXBuildFile; fileRef = 4F08671713D32EA50080EF57 /* InfoPlist.strings */; };
		4F08671C13D32EA50080EF57 /* HearingTestTests.h in Resources */ = {isa = PBXBuildFile; fileRef = 4F08671B13D32EA50080EF57 /* HearingTestTests.h */; };
		4F08671E13D32EA50080EF57 /* HearingTestTests.m in Sources */ = {isa = PBXBuildFile; fileRef = 4F08671D13D32EA50080EF57 /* HearingTestTests.m */; };
		4F08673213D32F2B0080EF57 /* HtWaveformPlayer.m in Sources */ = {isa = PBXBuildFile; fileRef = 4F08673113D32F2B0080EF57 /* HtWaveformPlayer.m */; };
		4F08673413D330130080EF57 /* AudioToolbox.framework in Frameworks */ = {isa = PBXBuildFile; fileRef = 4F08673313D330130080EF57 /* AudioToolbox.framework */; };
/* End PBXBuildFile section */

/* Begin PBXContainerItemProxy section */
		4F08671213D32EA50080EF57 /* PBXContainerItemProxy */ = {
			isa = PBXContainerItemProxy;
			containerPortal = 4F0866E113D32EA40080EF57 /* Project object */;
			proxyType = 1;
			remoteGlobalIDString = 4F0866E913D32EA50080EF57;
			remoteInfo = HearingTest;
		};
/* End PBXContainerItemProxy section */

/* Begin PBXFileReference section */
		4F0866EA13D32EA50080EF57 /* HearingTest.app */ = {isa = PBXFileReference; explicitFileType = wrapper.application; includeInIndex = 0; path = HearingTest.app; sourceTree = BUILT_PRODUCTS_DIR; };
		4F0866EE13D32EA50080EF57 /* UIKit.framework */ = {isa = PBXFileReference; lastKnownFileType = wrapper.framework; name = UIKit.framework; path = System/Library/Frameworks/UIKit.framework; sourceTree = SDKROOT; };
		4F0866F013D32EA50080EF57 /* Foundation.framework */ = {isa = PBXFileReference; lastKnownFileType = wrapper.framework; name = Foundation.framework; path = System/Library/Frameworks/Foundation.framework; sourceTree = SDKROOT; };
		4F0866F213D32EA50080EF57 /* CoreGraphics.framework */ = {isa = PBXFileReference; lastKnownFileType = wrapper.framework; name = CoreGraphics.framework; path = System/Library/Frameworks/CoreGraphics.framework; sourceTree = SDKROOT; };
		4F0866F613D32EA50080EF57 /* HearingTest-Info.plist */ = {isa = PBXFileReference; lastKnownFileType = text.plist.xml; path = "HearingTest-Info.plist"; sourceTree = "<group>"; };
		4F0866F813D32EA50080EF57 /* en */ = {isa = PBXFileReference; lastKnownFileType = text.plist.strings; name = en; path = en.lproj/InfoPlist.strings; sourceTree = "<group>"; };
		4F0866FA13D32EA50080EF57 /* HearingTest-Prefix.pch */ = {isa = PBXFileReference; lastKnownFileType = sourcecode.c.h; path = "HearingTest-Prefix.pch"; sourceTree = "<group>"; };
		4F0866FB13D32EA50080EF57 /* main.m */ = {isa = PBXFileReference; lastKnownFileType = sourcecode.c.objc; path = main.m; sourceTree = "<group>"; };
		4F0866FD13D32EA50080EF57 /* HearingTestAppDelegate.h */ = {isa = PBXFileReference; lastKnownFileType = sourcecode.c.h; path = HearingTestAppDelegate.h; sourceTree = "<group>"; };
		4F0866FE13D32EA50080EF57 /* HearingTestAppDelegate.m */ = {isa = PBXFileReference; lastKnownFileType = sourcecode.c.objc; path = HearingTestAppDelegate.m; sourceTree = "<group>"; };
		4F08670113D32EA50080EF57 /* en */ = {isa = PBXFileReference; lastKnownFileType = file.xib; name = en; path = en.lproj/MainWindow.xib; sourceTree = "<group>"; };
		4F08670313D32EA50080EF57 /* HearingTestViewController.h */ = {isa = PBXFileReference; lastKnownFileType = sourcecode.c.h; path = HearingTestViewController.h; sourceTree = "<group>"; };
		4F08670413D32EA50080EF57 /* HearingTestViewController.m */ = {isa = PBXFileReference; lastKnownFileType = sourcecode.c.objc; path = HearingTestViewController.m; sourceTree = "<group>"; };
		4F08670713D32EA50080EF57 /* en */ = {isa = PBXFileReference; lastKnownFileType = file.xib; name = en; path = en.lproj/HearingTestViewController.xib; sourceTree = "<group>"; };
		4F08670E13D32EA50080EF57 /* HearingTestTests.octest */ = {isa = PBXFileReference; explicitFileType = wrapper.cfbundle; includeInIndex = 0; path = HearingTestTests.octest; sourceTree = BUILT_PRODUCTS_DIR; };
		4F08671613D32EA50080EF57 /* HearingTestTests-Info.plist */ = {isa = PBXFileReference; lastKnownFileType = text.plist.xml; path = "HearingTestTests-Info.plist"; sourceTree = "<group>"; };
		4F08671813D32EA50080EF57 /* en */ = {isa = PBXFileReference; lastKnownFileType = text.plist.strings; name = en; path = en.lproj/InfoPlist.strings; sourceTree = "<group>"; };
		4F08671A13D32EA50080EF57 /* HearingTestTests-Prefix.pch */ = {isa = PBXFileReference; lastKnownFileType = sourcecode.c.h; path = "HearingTestTests-Prefix.pch"; sourceTree = "<group>"; };
		4F08671B13D32EA50080EF57 /* HearingTestTests.h */ = {isa = PBXFileReference; lastKnownFileType = sourcecode.c.h; path = HearingTestTests.h; sourceTree = "<group>"; };
		4F08671D13D32EA50080EF57 /* HearingTestTests.m */ = {isa = PBXFileReference; lastKnownFileType = sourcecode.c.objc; path = HearingTestTests.m; sourceTree = "<group>"; };
		4F08673013D32F2B0080EF57 /* HtWaveformPlayer.h */ = {isa = PBXFileReference; fileEncoding = 4; lastKnownFileType = sourcecode.c.h; name = HtWaveformPlayer.h; path = Classes/HtWaveformPlayer.h; sourceTree = "<group>"; };
		4F08673113D32F2B0080EF57 /* HtWaveformPlayer.m */ = {isa = PBXFileReference; fileEncoding = 4; lastKnownFileType = sourcecode.c.objc; name = HtWaveformPlayer.m; path = Classes/HtWaveformPlayer.m; sourceTree = "<group>"; };
		4F08673313D330130080EF57 /* AudioToolbox.framework */ = {isa = PBXFileReference; lastKnownFileType = wrapper.framework; name = AudioToolbox.framework; path = System/Library/Frameworks/AudioToolbox.framework; sourceTree = SDKROOT; };
/* End PBXFileReference section */

/* Begin PBXFrameworksBuildPhase section */
		4F0866E713D32EA50080EF57 /* Frameworks */ = {
			isa = PBXFrameworksBuildPhase;
			buildActionMask = 2147483647;
			files = (
				4F0866EF13D32EA50080EF57 /* UIKit.framework in Frameworks */,
				4F0866F113D32EA50080EF57 /* Foundation.framework in Frameworks */,
				4F0866F313D32EA50080EF57 /* CoreGraphics.framework in Frameworks */,
				4F08673413D330130080EF57 /* AudioToolbox.framework in Frameworks */,
			);
			runOnlyForDeploymentPostprocessing = 0;
		};
		4F08670A13D32EA50080EF57 /* Frameworks */ = {
			isa = PBXFrameworksBuildPhase;
			buildActionMask = 2147483647;
			files = (
				4F08670F13D32EA50080EF57 /* UIKit.framework in Frameworks */,
				4F08671013D32EA50080EF57 /* Foundation.framework in Frameworks */,
				4F08671113D32EA50080EF57 /* CoreGraphics.framework in Frameworks */,
			);
			runOnlyForDeploymentPostprocessing = 0;
		};
/* End PBXFrameworksBuildPhase section */

/* Begin PBXGroup section */
		4F0866DF13D32EA40080EF57 = {
			isa = PBXGroup;
			children = (
				4F08673313D330130080EF57 /* AudioToolbox.framework */,
				4F0866F413D32EA50080EF57 /* HearingTest */,
				4F08671413D32EA50080EF57 /* HearingTestTests */,
				4F0866ED13D32EA50080EF57 /* Frameworks */,
				4F0866EB13D32EA50080EF57 /* Products */,
			);
			sourceTree = "<group>";
		};
		4F0866EB13D32EA50080EF57 /* Products */ = {
			isa = PBXGroup;
			children = (
				4F0866EA13D32EA50080EF57 /* HearingTest.app */,
				4F08670E13D32EA50080EF57 /* HearingTestTests.octest */,
			);
			name = Products;
			sourceTree = "<group>";
		};
		4F0866ED13D32EA50080EF57 /* Frameworks */ = {
			isa = PBXGroup;
			children = (
				4F0866EE13D32EA50080EF57 /* UIKit.framework */,
				4F0866F013D32EA50080EF57 /* Foundation.framework */,
				4F0866F213D32EA50080EF57 /* CoreGraphics.framework */,
			);
			name = Frameworks;
			sourceTree = "<group>";
		};
		4F0866F413D32EA50080EF57 /* HearingTest */ = {
			isa = PBXGroup;
			children = (
				4F08672F13D32F160080EF57 /* Classes */,
				4F0866FD13D32EA50080EF57 /* HearingTestAppDelegate.h */,
				4F0866FE13D32EA50080EF57 /* HearingTestAppDelegate.m */,
				4F08670013D32EA50080EF57 /* MainWindow.xib */,
				4F08670313D32EA50080EF57 /* HearingTestViewController.h */,
				4F08670413D32EA50080EF57 /* HearingTestViewController.m */,
				4F08670613D32EA50080EF57 /* HearingTestViewController.xib */,
				4F0866F513D32EA50080EF57 /* Supporting Files */,
			);
			path = HearingTest;
			sourceTree = "<group>";
		};
		4F0866F513D32EA50080EF57 /* Supporting Files */ = {
			isa = PBXGroup;
			children = (
				4F0866F613D32EA50080EF57 /* HearingTest-Info.plist */,
				4F0866F713D32EA50080EF57 /* InfoPlist.strings */,
				4F0866FA13D32EA50080EF57 /* HearingTest-Prefix.pch */,
				4F0866FB13D32EA50080EF57 /* main.m */,
			);
			name = "Supporting Files";
			sourceTree = "<group>";
		};
		4F08671413D32EA50080EF57 /* HearingTestTests */ = {
			isa = PBXGroup;
			children = (
				4F08671B13D32EA50080EF57 /* HearingTestTests.h */,
				4F08671D13D32EA50080EF57 /* HearingTestTests.m */,
				4F08671513D32EA50080EF57 /* Supporting Files */,
			);
			path = HearingTestTests;
			sourceTree = "<group>";
		};
		4F08671513D32EA50080EF57 /* Supporting Files */ = {
			isa = PBXGroup;
			children = (
				4F08671613D32EA50080EF57 /* HearingTestTests-Info.plist */,
				4F08671713D32EA50080EF57 /* InfoPlist.strings */,
				4F08671A13D32EA50080EF57 /* HearingTestTests-Prefix.pch */,
			);
			name = "Supporting Files";
			sourceTree = "<group>";
		};
		4F08672F13D32F160080EF57 /* Classes */ = {
			isa = PBXGroup;
			children = (
				4F08673013D32F2B0080EF57 /* HtWaveformPlayer.h */,
				4F08673113D32F2B0080EF57 /* HtWaveformPlayer.m */,
			);
			name = Classes;
			sourceTree = "<group>";
		};
/* End PBXGroup section */

/* Begin PBXNativeTarget section */
		4F0866E913D32EA50080EF57 /* HearingTest */ = {
			isa = PBXNativeTarget;
			buildConfigurationList = 4F08672113D32EA50080EF57 /* Build configuration list for PBXNativeTarget "HearingTest" */;
			buildPhases = (
				4F0866E613D32EA50080EF57 /* Sources */,
				4F0866E713D32EA50080EF57 /* Frameworks */,
				4F0866E813D32EA50080EF57 /* Resources */,
			);
			buildRules = (
			);
			dependencies = (
			);
			name = HearingTest;
			productName = HearingTest;
			productReference = 4F0866EA13D32EA50080EF57 /* HearingTest.app */;
			productType = "com.apple.product-type.application";
		};
		4F08670D13D32EA50080EF57 /* HearingTestTests */ = {
			isa = PBXNativeTarget;
			buildConfigurationList = 4F08672413D32EA50080EF57 /* Build configuration list for PBXNativeTarget "HearingTestTests" */;
			buildPhases = (
				4F08670913D32EA50080EF57 /* Sources */,
				4F08670A13D32EA50080EF57 /* Frameworks */,
				4F08670B13D32EA50080EF57 /* Resources */,
				4F08670C13D32EA50080EF57 /* ShellScript */,
			);
			buildRules = (
			);
			dependencies = (
				4F08671313D32EA50080EF57 /* PBXTargetDependency */,
			);
			name = HearingTestTests;
			productName = HearingTestTests;
			productReference = 4F08670E13D32EA50080EF57 /* HearingTestTests.octest */;
			productType = "com.apple.product-type.bundle";
		};
/* End PBXNativeTarget section */

/* Begin PBXProject section */
		4F0866E113D32EA40080EF57 /* Project object */ = {
			isa = PBXProject;
			attributes = {
				ORGANIZATIONNAME = "Qi Analytics LLC";
			};
			buildConfigurationList = 4F0866E413D32EA40080EF57 /* Build configuration list for PBXProject "HearingTest" */;
			compatibilityVersion = "Xcode 3.2";
			developmentRegion = English;
			hasScannedForEncodings = 0;
			knownRegions = (
				en,
			);
			mainGroup = 4F0866DF13D32EA40080EF57;
			productRefGroup = 4F0866EB13D32EA50080EF57 /* Products */;
			projectDirPath = "";
			projectRoot = "";
			targets = (
				4F0866E913D32EA50080EF57 /* HearingTest */,
				4F08670D13D32EA50080EF57 /* HearingTestTests */,
			);
		};
/* End PBXProject section */

/* Begin PBXResourcesBuildPhase section */
		4F0866E813D32EA50080EF57 /* Resources */ = {
			isa = PBXResourcesBuildPhase;
			buildActionMask = 2147483647;
			files = (
				4F0866F913D32EA50080EF57 /* InfoPlist.strings in Resources */,
				4F08670213D32EA50080EF57 /* MainWindow.xib in Resources */,
				4F08670813D32EA50080EF57 /* HearingTestViewController.xib in Resources */,
			);
			runOnlyForDeploymentPostprocessing = 0;
		};
		4F08670B13D32EA50080EF57 /* Resources */ = {
			isa = PBXResourcesBuildPhase;
			buildActionMask = 2147483647;
			files = (
				4F08671913D32EA50080EF57 /* InfoPlist.strings in Resources */,
				4F08671C13D32EA50080EF57 /* HearingTestTests.h in Resources */,
			);
			runOnlyForDeploymentPostprocessing = 0;
		};
/* End PBXResourcesBuildPhase section */

/* Begin PBXShellScriptBuildPhase section */
		4F08670C13D32EA50080EF57 /* ShellScript */ = {
			isa = PBXShellScriptBuildPhase;
			buildActionMask = 2147483647;
			files = (
			);
			inputPaths = (
			);
			outputPaths = (
			);
			runOnlyForDeploymentPostprocessing = 0;
			shellPath = /bin/sh;
			shellScript = "# Run the unit tests in this test bundle.\n\"${SYSTEM_DEVELOPER_DIR}/Tools/RunUnitTests\"\n";
		};
/* End PBXShellScriptBuildPhase section */

/* Begin PBXSourcesBuildPhase section */
		4F0866E613D32EA50080EF57 /* Sources */ = {
			isa = PBXSourcesBuildPhase;
			buildActionMask = 2147483647;
			files = (
				4F0866FC13D32EA50080EF57 /* main.m in Sources */,
				4F0866FF13D32EA50080EF57 /* HearingTestAppDelegate.m in Sources */,
				4F08670513D32EA50080EF57 /* HearingTestViewController.m in Sources */,
				4F08673213D32F2B0080EF57 /* HtWaveformPlayer.m in Sources */,
			);
			runOnlyForDeploymentPostprocessing = 0;
		};
		4F08670913D32EA50080EF57 /* Sources */ = {
			isa = PBXSourcesBuildPhase;
			buildActionMask = 2147483647;
			files = (
				4F08671E13D32EA50080EF57 /* HearingTestTests.m in Sources */,
			);
			runOnlyForDeploymentPostprocessing = 0;
		};
/* End PBXSourcesBuildPhase section */

/* Begin PBXTargetDependency section */
		4F08671313D32EA50080EF57 /* PBXTargetDependency */ = {
			isa = PBXTargetDependency;
			target = 4F0866E913D32EA50080EF57 /* HearingTest */;
			targetProxy = 4F08671213D32EA50080EF57 /* PBXContainerItemProxy */;
		};
/* End PBXTargetDependency section */

/* Begin PBXVariantGroup section */
		4F0866F713D32EA50080EF57 /* InfoPlist.strings */ = {
			isa = PBXVariantGroup;
			children = (
				4F0866F813D32EA50080EF57 /* en */,
			);
			name = InfoPlist.strings;
			sourceTree = "<group>";
		};
		4F08670013D32EA50080EF57 /* MainWindow.xib */ = {
			isa = PBXVariantGroup;
			children = (
				4F08670113D32EA50080EF57 /* en */,
			);
			name = MainWindow.xib;
			sourceTree = "<group>";
		};
		4F08670613D32EA50080EF57 /* HearingTestViewController.xib */ = {
			isa = PBXVariantGroup;
			children = (
				4F08670713D32EA50080EF57 /* en */,
			);
			name = HearingTestViewController.xib;
			sourceTree = "<group>";
		};
		4F08671713D32EA50080EF57 /* InfoPlist.strings */ = {
			isa = PBXVariantGroup;
			children = (
				4F08671813D32EA50080EF57 /* en */,
			);
			name = InfoPlist.strings;
			sourceTree = "<group>";
		};
/* End PBXVariantGroup section */

/* Begin XCBuildConfiguration section */
		4F08671F13D32EA50080EF57 /* Debug */ = {
			isa = XCBuildConfiguration;
			buildSettings = {
				ARCHS = "$(ARCHS_STANDARD_32_BIT)";
				"CODE_SIGN_IDENTITY[sdk=iphoneos*]" = "iPhone Developer";
				GCC_C_LANGUAGE_STANDARD = gnu99;
				GCC_OPTIMIZATION_LEVEL = 0;
				GCC_PREPROCESSOR_DEFINITIONS = DEBUG;
				GCC_SYMBOLS_PRIVATE_EXTERN = NO;
				GCC_VERSION = com.apple.compilers.llvmgcc42;
				GCC_WARN_ABOUT_RETURN_TYPE = YES;
				GCC_WARN_UNUSED_VARIABLE = YES;
				IPHONEOS_DEPLOYMENT_TARGET = 4.3;
				SDKROOT = iphoneos;
			};
			name = Debug;
		};
		4F08672013D32EA50080EF57 /* Release */ = {
			isa = XCBuildConfiguration;
			buildSettings = {
				ARCHS = "$(ARCHS_STANDARD_32_BIT)";
				"CODE_SIGN_IDENTITY[sdk=iphoneos*]" = "iPhone Developer";
				GCC_C_LANGUAGE_STANDARD = gnu99;
				GCC_VERSION = com.apple.compilers.llvmgcc42;
				GCC_WARN_ABOUT_RETURN_TYPE = YES;
				GCC_WARN_UNUSED_VARIABLE = YES;
				IPHONEOS_DEPLOYMENT_TARGET = 4.3;
				OTHER_CFLAGS = "-DNS_BLOCK_ASSERTIONS=1";
				SDKROOT = iphoneos;
			};
			name = Release;
		};
		4F08672213D32EA50080EF57 /* Debug */ = {
			isa = XCBuildConfiguration;
			buildSettings = {
				ALWAYS_SEARCH_USER_PATHS = NO;
				COPY_PHASE_STRIP = NO;
				GCC_DYNAMIC_NO_PIC = NO;
				GCC_PRECOMPILE_PREFIX_HEADER = YES;
				GCC_PREFIX_HEADER = "HearingTest/HearingTest-Prefix.pch";
				INFOPLIST_FILE = "HearingTest/HearingTest-Info.plist";
				PRODUCT_NAME = "$(TARGET_NAME)";
				WRAPPER_EXTENSION = app;
			};
			name = Debug;
		};
		4F08672313D32EA50080EF57 /* Release */ = {
			isa = XCBuildConfiguration;
			buildSettings = {
				ALWAYS_SEARCH_USER_PATHS = NO;
				COPY_PHASE_STRIP = YES;
				GCC_PRECOMPILE_PREFIX_HEADER = YES;
				GCC_PREFIX_HEADER = "HearingTest/HearingTest-Prefix.pch";
				INFOPLIST_FILE = "HearingTest/HearingTest-Info.plist";
				PRODUCT_NAME = "$(TARGET_NAME)";
				VALIDATE_PRODUCT = YES;
				WRAPPER_EXTENSION = app;
			};
			name = Release;
		};
		4F08672513D32EA50080EF57 /* Debug */ = {
			isa = XCBuildConfiguration;
			buildSettings = {
				ALWAYS_SEARCH_USER_PATHS = NO;
				BUNDLE_LOADER = "$(BUILT_PRODUCTS_DIR)/HearingTest.app/HearingTest";
				FRAMEWORK_SEARCH_PATHS = (
					"$(SDKROOT)/Developer/Library/Frameworks",
					"$(DEVELOPER_LIBRARY_DIR)/Frameworks",
				);
				GCC_PRECOMPILE_PREFIX_HEADER = YES;
				GCC_PREFIX_HEADER = "HearingTestTests/HearingTestTests-Prefix.pch";
				INFOPLIST_FILE = "HearingTestTests/HearingTestTests-Info.plist";
				OTHER_LDFLAGS = (
					"-framework",
					SenTestingKit,
				);
				PRODUCT_NAME = "$(TARGET_NAME)";
				TEST_HOST = "$(BUNDLE_LOADER)";
				WRAPPER_EXTENSION = octest;
			};
			name = Debug;
		};
		4F08672613D32EA50080EF57 /* Release */ = {
			isa = XCBuildConfiguration;
			buildSettings = {
				ALWAYS_SEARCH_USER_PATHS = NO;
				BUNDLE_LOADER = "$(BUILT_PRODUCTS_DIR)/HearingTest.app/HearingTest";
				FRAMEWORK_SEARCH_PATHS = (
					"$(SDKROOT)/Developer/Library/Frameworks",
					"$(DEVELOPER_LIBRARY_DIR)/Frameworks",
				);
				GCC_PRECOMPILE_PREFIX_HEADER = YES;
				GCC_PREFIX_HEADER = "HearingTestTests/HearingTestTests-Prefix.pch";
				INFOPLIST_FILE = "HearingTestTests/HearingTestTests-Info.plist";
				OTHER_LDFLAGS = (
					"-framework",
					SenTestingKit,
				);
				PRODUCT_NAME = "$(TARGET_NAME)";
				TEST_HOST = "$(BUNDLE_LOADER)";
				WRAPPER_EXTENSION = octest;
			};
			name = Release;
		};
/* End XCBuildConfiguration section */

/* Begin XCConfigurationList section */
		4F0866E413D32EA40080EF57 /* Build configuration list for PBXProject "HearingTest" */ = {
			isa = XCConfigurationList;
			buildConfigurations = (
				4F08671F13D32EA50080EF57 /* Debug */,
				4F08672013D32EA50080EF57 /* Release */,
			);
			defaultConfigurationIsVisible = 0;
			defaultConfigurationName = Release;
		};
		4F08672113D32EA50080EF57 /* Build configuration list for PBXNativeTarget "HearingTest" */ = {
			isa = XCConfigurationList;
			buildConfigurations = (
				4F08672213D32EA50080EF57 /* Debug */,
				4F08672313D32EA50080EF57 /* Release */,
			);
			defaultConfigurationIsVisible = 0;
		};
		4F08672413D32EA50080EF57 /* Build configuration list for PBXNativeTarget "HearingTestTests" */ = {
			isa = XCConfigurationList;
			buildConfigurations = (
				4F08672513D32EA50080EF57 /* Debug */,
				4F08672613D32EA50080EF57 /* Release */,
			);
			defaultConfigurationIsVisible = 0;
		};
/* End XCConfigurationList section */
	};
	rootObject = 4F0866E113D32EA40080EF57 /* Project object */;
}
